
Microsoft Visual Studio Solution File, Format Version 12.00
# Visual Studio Version 16
VisualStudioVersion = 16.0.29209.152
MinimumVisualStudioVersion = 10.0.40219.1
Project("{2150E333-8FDC-42A3-9474-1A3956D46DE8}") = "src", "src", "{106AE906-5075-410A-B941-912F811848EE}"
EndProject
Project("{2150E333-8FDC-42A3-9474-1A3956D46DE8}") = "tests", "tests", "{B31B4797-1D9F-4288-808C-BE9A31A98C7D}"
EndProject
Project("{2150E333-8FDC-42A3-9474-1A3956D46DE8}") = "Solution Items", "Solution Items", "{250F283E-FE2F-4BBD-9E63-A2265B84E23F}"
	ProjectSection(SolutionItems) = preProject
		.editorconfig = .editorconfig
		azure-pipelines.yml = azure-pipelines.yml
		DeploymentSettings.props = DeploymentSettings.props
		Directory.Build.props = Directory.Build.props
		Directory.Build.targets = Directory.Build.targets
		nuget.config = nuget.config
		Packages.props = Packages.props
	EndProjectSection
EndProject
Project("{9A19103F-16F7-4668-BE54-9A1E7A4F7556}") = "stiebel-eltron-apiserver.SharedKernel", "src\stiebel-eltron-apiserver.SharedKernel\stiebel-eltron-apiserver.SharedKernel.csproj", "{E2E7C4C7-A7E1-41BB-A990-EE41F3DE125E}"
EndProject
Project("{9A19103F-16F7-4668-BE54-9A1E7A4F7556}") = "stiebel-eltron-apiserver.Web", "src\stiebel-eltron-apiserver.Web\stiebel-eltron-apiserver.Web.csproj", "{D1BEB8A8-C62C-497D-9F3E-039E7C2E9ADF}"
EndProject
Project("{9A19103F-16F7-4668-BE54-9A1E7A4F7556}") = "stiebel-eltron-apiserver.Infrastructure", "src\stiebel-eltron-apiserver.Infrastructure\stiebel-eltron-apiserver.Infrastructure.csproj", "{28F43286-65BD-4388-B337-A0244A1F2A2B}"
EndProject
Project("{9A19103F-16F7-4668-BE54-9A1E7A4F7556}") = "stiebel-eltron-apiserver.Core", "src\stiebel-eltron-apiserver.Core\stiebel-eltron-apiserver.Core.csproj", "{5FE3C02A-4B33-4AA0-8CEF-F668BD64A6D3}"
EndProject
Project("{9A19103F-16F7-4668-BE54-9A1E7A4F7556}") = "stiebel-eltron-apiserver.FunctionalTests", "tests\stiebel-eltron-apiserver.FunctionalTests\stiebel-eltron-apiserver.FunctionalTests.csproj", "{75AA01DC-B4CE-4056-9014-B77FCEC844F0}"
EndProject
Project("{9A19103F-16F7-4668-BE54-9A1E7A4F7556}") = "stiebel-eltron-apiserver.IntegrationTests", "tests\stiebel-eltron-apiserver.IntegrationTests\stiebel-eltron-apiserver.IntegrationTests.csproj", "{7A1FFD06-E332-4051-A6C7-74692E8F1919}"
EndProject
Project("{9A19103F-16F7-4668-BE54-9A1E7A4F7556}") = "stiebel-eltron-apiserver.UnitTests", "tests\stiebel-eltron-apiserver.UnitTests\stiebel-eltron-apiserver.UnitTests.csproj", "{12D0B50E-3A87-45C7-B9D8-2F52FB579624}"
EndProject
Global
	GlobalSection(SolutionConfigurationPlatforms) = preSolution
		Debug|Any CPU = Debug|Any CPU
		Debug|x64 = Debug|x64
		Debug|x86 = Debug|x86
		Release|Any CPU = Release|Any CPU
		Release|x64 = Release|x64
		Release|x86 = Release|x86
	EndGlobalSection
	GlobalSection(ProjectConfigurationPlatforms) = postSolution
		{E2E7C4C7-A7E1-41BB-A990-EE41F3DE125E}.Debug|Any CPU.ActiveCfg = Debug|Any CPU
		{E2E7C4C7-A7E1-41BB-A990-EE41F3DE125E}.Debug|Any CPU.Build.0 = Debug|Any CPU
		{E2E7C4C7-A7E1-41BB-A990-EE41F3DE125E}.Debug|x64.ActiveCfg = Debug|Any CPU
		{E2E7C4C7-A7E1-41BB-A990-EE41F3DE125E}.Debug|x64.Build.0 = Debug|Any CPU
		{E2E7C4C7-A7E1-41BB-A990-EE41F3DE125E}.Debug|x86.ActiveCfg = Debug|Any CPU
		{E2E7C4C7-A7E1-41BB-A990-EE41F3DE125E}.Debug|x86.Build.0 = Debug|Any CPU
		{E2E7C4C7-A7E1-41BB-A990-EE41F3DE125E}.Release|Any CPU.ActiveCfg = Release|Any CPU
		{E2E7C4C7-A7E1-41BB-A990-EE41F3DE125E}.Release|Any CPU.Build.0 = Release|Any CPU
		{E2E7C4C7-A7E1-41BB-A990-EE41F3DE125E}.Release|x64.ActiveCfg = Release|Any CPU
		{E2E7C4C7-A7E1-41BB-A990-EE41F3DE125E}.Release|x64.Build.0 = Release|Any CPU
		{E2E7C4C7-A7E1-41BB-A990-EE41F3DE125E}.Release|x86.ActiveCfg = Release|Any CPU
		{E2E7C4C7-A7E1-41BB-A990-EE41F3DE125E}.Release|x86.Build.0 = Release|Any CPU
		{D1BEB8A8-C62C-497D-9F3E-039E7C2E9ADF}.Debug|Any CPU.ActiveCfg = Debug|Any CPU
		{D1BEB8A8-C62C-497D-9F3E-039E7C2E9ADF}.Debug|Any CPU.Build.0 = Debug|Any CPU
		{D1BEB8A8-C62C-497D-9F3E-039E7C2E9ADF}.Debug|x64.ActiveCfg = Debug|Any CPU
		{D1BEB8A8-C62C-497D-9F3E-039E7C2E9ADF}.Debug|x64.Build.0 = Debug|Any CPU
		{D1BEB8A8-C62C-497D-9F3E-039E7C2E9ADF}.Debug|x86.ActiveCfg = Debug|Any CPU
		{D1BEB8A8-C62C-497D-9F3E-039E7C2E9ADF}.Debug|x86.Build.0 = Debug|Any CPU
		{D1BEB8A8-C62C-497D-9F3E-039E7C2E9ADF}.Release|Any CPU.ActiveCfg = Release|Any CPU
		{D1BEB8A8-C62C-497D-9F3E-039E7C2E9ADF}.Release|Any CPU.Build.0 = Release|Any CPU
		{D1BEB8A8-C62C-497D-9F3E-039E7C2E9ADF}.Release|x64.ActiveCfg = Release|Any CPU
		{D1BEB8A8-C62C-497D-9F3E-039E7C2E9ADF}.Release|x64.Build.0 = Release|Any CPU
		{D1BEB8A8-C62C-497D-9F3E-039E7C2E9ADF}.Release|x86.ActiveCfg = Release|Any CPU
		{D1BEB8A8-C62C-497D-9F3E-039E7C2E9ADF}.Release|x86.Build.0 = Release|Any CPU
		{28F43286-65BD-4388-B337-A0244A1F2A2B}.Debug|Any CPU.ActiveCfg = Debug|Any CPU
		{28F43286-65BD-4388-B337-A0244A1F2A2B}.Debug|Any CPU.Build.0 = Debug|Any CPU
		{28F43286-65BD-4388-B337-A0244A1F2A2B}.Debug|x64.ActiveCfg = Debug|Any CPU
		{28F43286-65BD-4388-B337-A0244A1F2A2B}.Debug|x64.Build.0 = Debug|Any CPU
		{28F43286-65BD-4388-B337-A0244A1F2A2B}.Debug|x86.ActiveCfg = Debug|Any CPU
		{28F43286-65BD-4388-B337-A0244A1F2A2B}.Debug|x86.Build.0 = Debug|Any CPU
		{28F43286-65BD-4388-B337-A0244A1F2A2B}.Release|Any CPU.ActiveCfg = Release|Any CPU
		{28F43286-65BD-4388-B337-A0244A1F2A2B}.Release|Any CPU.Build.0 = Release|Any CPU
		{28F43286-65BD-4388-B337-A0244A1F2A2B}.Release|x64.ActiveCfg = Release|Any CPU
		{28F43286-65BD-4388-B337-A0244A1F2A2B}.Release|x64.Build.0 = Release|Any CPU
		{28F43286-65BD-4388-B337-A0244A1F2A2B}.Release|x86.ActiveCfg = Release|Any CPU
		{28F43286-65BD-4388-B337-A0244A1F2A2B}.Release|x86.Build.0 = Release|Any CPU
		{5FE3C02A-4B33-4AA0-8CEF-F668BD64A6D3}.Debug|Any CPU.ActiveCfg = Debug|Any CPU
		{5FE3C02A-4B33-4AA0-8CEF-F668BD64A6D3}.Debug|Any CPU.Build.0 = Debug|Any CPU
		{5FE3C02A-4B33-4AA0-8CEF-F668BD64A6D3}.Debug|x64.ActiveCfg = Debug|Any CPU
		{5FE3C02A-4B33-4AA0-8CEF-F668BD64A6D3}.Debug|x64.Build.0 = Debug|Any CPU
		{5FE3C02A-4B33-4AA0-8CEF-F668BD64A6D3}.Debug|x86.ActiveCfg = Debug|Any CPU
		{5FE3C02A-4B33-4AA0-8CEF-F668BD64A6D3}.Debug|x86.Build.0 = Debug|Any CPU
		{5FE3C02A-4B33-4AA0-8CEF-F668BD64A6D3}.Release|Any CPU.ActiveCfg = Release|Any CPU
		{5FE3C02A-4B33-4AA0-8CEF-F668BD64A6D3}.Release|Any CPU.Build.0 = Release|Any CPU
		{5FE3C02A-4B33-4AA0-8CEF-F668BD64A6D3}.Release|x64.ActiveCfg = Release|Any CPU
		{5FE3C02A-4B33-4AA0-8CEF-F668BD64A6D3}.Release|x64.Build.0 = Release|Any CPU
		{5FE3C02A-4B33-4AA0-8CEF-F668BD64A6D3}.Release|x86.ActiveCfg = Release|Any CPU
		{5FE3C02A-4B33-4AA0-8CEF-F668BD64A6D3}.Release|x86.Build.0 = Release|Any CPU
		{75AA01DC-B4CE-4056-9014-B77FCEC844F0}.Debug|Any CPU.ActiveCfg = Debug|Any CPU
		{75AA01DC-B4CE-4056-9014-B77FCEC844F0}.Debug|Any CPU.Build.0 = Debug|Any CPU
		{75AA01DC-B4CE-4056-9014-B77FCEC844F0}.Debug|x64.ActiveCfg = Debug|Any CPU
		{75AA01DC-B4CE-4056-9014-B77FCEC844F0}.Debug|x64.Build.0 = Debug|Any CPU
		{75AA01DC-B4CE-4056-9014-B77FCEC844F0}.Debug|x86.ActiveCfg = Debug|Any CPU
		{75AA01DC-B4CE-4056-9014-B77FCEC844F0}.Debug|x86.Build.0 = Debug|Any CPU
		{75AA01DC-B4CE-4056-9014-B77FCEC844F0}.Release|Any CPU.ActiveCfg = Release|Any CPU
		{75AA01DC-B4CE-4056-9014-B77FCEC844F0}.Release|Any CPU.Build.0 = Release|Any CPU
		{75AA01DC-B4CE-4056-9014-B77FCEC844F0}.Release|x64.ActiveCfg = Release|Any CPU
		{75AA01DC-B4CE-4056-9014-B77FCEC844F0}.Release|x64.Build.0 = Release|Any CPU
		{75AA01DC-B4CE-4056-9014-B77FCEC844F0}.Release|x86.ActiveCfg = Release|Any CPU
		{75AA01DC-B4CE-4056-9014-B77FCEC844F0}.Release|x86.Build.0 = Release|Any CPU
		{7A1FFD06-E332-4051-A6C7-74692E8F1919}.Debug|Any CPU.ActiveCfg = Debug|Any CPU
		{7A1FFD06-E332-4051-A6C7-74692E8F1919}.Debug|Any CPU.Build.0 = Debug|Any CPU
		{7A1FFD06-E332-4051-A6C7-74692E8F1919}.Debug|x64.ActiveCfg = Debug|Any CPU
		{7A1FFD06-E332-4051-A6C7-74692E8F1919}.Debug|x64.Build.0 = Debug|Any CPU
		{7A1FFD06-E332-4051-A6C7-74692E8F1919}.Debug|x86.ActiveCfg = Debug|Any CPU
		{7A1FFD06-E332-4051-A6C7-74692E8F1919}.Debug|x86.Build.0 = Debug|Any CPU
		{7A1FFD06-E332-4051-A6C7-74692E8F1919}.Release|Any CPU.ActiveCfg = Release|Any CPU
		{7A1FFD06-E332-4051-A6C7-74692E8F1919}.Release|Any CPU.Build.0 = Release|Any CPU
		{7A1FFD06-E332-4051-A6C7-74692E8F1919}.Release|x64.ActiveCfg = Release|Any CPU
		{7A1FFD06-E332-4051-A6C7-74692E8F1919}.Release|x64.Build.0 = Release|Any CPU
		{7A1FFD06-E332-4051-A6C7-74692E8F1919}.Release|x86.ActiveCfg = Release|Any CPU
		{7A1FFD06-E332-4051-A6C7-74692E8F1919}.Release|x86.Build.0 = Release|Any CPU
		{12D0B50E-3A87-45C7-B9D8-2F52FB579624}.Debug|Any CPU.ActiveCfg = Debug|Any CPU
		{12D0B50E-3A87-45C7-B9D8-2F52FB579624}.Debug|Any CPU.Build.0 = Debug|Any CPU
		{12D0B50E-3A87-45C7-B9D8-2F52FB579624}.Debug|x64.ActiveCfg = Debug|Any CPU
		{12D0B50E-3A87-45C7-B9D8-2F52FB579624}.Debug|x64.Build.0 = Debug|Any CPU
		{12D0B50E-3A87-45C7-B9D8-2F52FB579624}.Debug|x86.ActiveCfg = Debug|Any CPU
		{12D0B50E-3A87-45C7-B9D8-2F52FB579624}.Debug|x86.Build.0 = Debug|Any CPU
		{12D0B50E-3A87-45C7-B9D8-2F52FB579624}.Release|Any CPU.ActiveCfg = Release|Any CPU
		{12D0B50E-3A87-45C7-B9D8-2F52FB579624}.Release|Any CPU.Build.0 = Release|Any CPU
		{12D0B50E-3A87-45C7-B9D8-2F52FB579624}.Release|x64.ActiveCfg = Release|Any CPU
		{12D0B50E-3A87-45C7-B9D8-2F52FB579624}.Release|x64.Build.0 = Release|Any CPU
		{12D0B50E-3A87-45C7-B9D8-2F52FB579624}.Release|x86.ActiveCfg = Release|Any CPU
		{12D0B50E-3A87-45C7-B9D8-2F52FB579624}.Release|x86.Build.0 = Release|Any CPU
	EndGlobalSection
	GlobalSection(SolutionProperties) = preSolution
		HideSolutionNode = FALSE
	EndGlobalSection
	GlobalSection(NestedProjects) = preSolution
		{E2E7C4C7-A7E1-41BB-A990-EE41F3DE125E} = {106AE906-5075-410A-B941-912F811848EE}
		{D1BEB8A8-C62C-497D-9F3E-039E7C2E9ADF} = {106AE906-5075-410A-B941-912F811848EE}
		{28F43286-65BD-4388-B337-A0244A1F2A2B} = {106AE906-5075-410A-B941-912F811848EE}
		{5FE3C02A-4B33-4AA0-8CEF-F668BD64A6D3} = {106AE906-5075-410A-B941-912F811848EE}
		{75AA01DC-B4CE-4056-9014-B77FCEC844F0} = {B31B4797-1D9F-4288-808C-BE9A31A98C7D}
		{7A1FFD06-E332-4051-A6C7-74692E8F1919} = {B31B4797-1D9F-4288-808C-BE9A31A98C7D}
		{12D0B50E-3A87-45C7-B9D8-2F52FB579624} = {B31B4797-1D9F-4288-808C-BE9A31A98C7D}
	EndGlobalSection
	GlobalSection(ExtensibilityGlobals) = postSolution
		SolutionGuid = {B0F19343-8185-4A9F-9165-0EA8544BC925}
	EndGlobalSection
EndGlobal
